[[package]]
name = "aiofile"
version = "3.7.4"
description = "Asynchronous file operations."
category = "main"
optional = false
python-versions = ">3.4.*, <4"

[package.dependencies]
caio = ">=0.9.0,<0.10.0"

[package.extras]
develop = ["aiomisc", "asynctest", "pytest", "pytest-cov"]

[[package]]
name = "black"
version = "22.1.0"
description = "The uncompromising code formatter."
category = "dev"
optional = false
python-versions = ">=3.6.2"

[package.dependencies]
click = ">=8.0.0"
mypy-extensions = ">=0.4.3"
pathspec = ">=0.9.0"
platformdirs = ">=2"
tomli = ">=1.1.0"
typing-extensions = {version = ">=3.10.0.0", markers = "python_version < \"3.10\""}

[package.extras]
colorama = ["colorama (>=0.4.3)"]
d = ["aiohttp (>=3.7.4)"]
jupyter = ["ipython (>=7.8.0)", "tokenize-rt (>=3.2.0)"]
uvloop = ["uvloop (>=0.15.2)"]

[[package]]
name = "caio"
version = "0.9.5"
description = "Asynchronous file IO for Linux Posix and Windows."
category = "main"
optional = false
python-versions = ">=3.5.*, <4"

[package.extras]
develop = ["aiomisc", "pytest", "pytest-cov"]

[[package]]
name = "click"
version = "8.0.4"
description = "Composable command line interface toolkit"
category = "dev"
optional = false
python-versions = ">=3.6"

[package.dependencies]
colorama = {version = "*", markers = "platform_system == \"Windows\""}

[[package]]
name = "colorama"
version = "0.4.4"
description = "Cross-platform colored terminal text."
category = "main"
optional = false
python-versions = ">=2.7, !=3.0.*, !=3.1.*, !=3.2.*, !=3.3.*, !=3.4.*"

[[package]]
name = "commonmark"
version = "0.9.1"
description = "Python parser for the CommonMark Markdown spec"
category = "main"
optional = false
python-versions = "*"

[package.extras]
test = ["flake8 (==3.7.8)", "hypothesis (==3.55.3)"]

[[package]]
name = "mypy-extensions"
version = "0.4.3"
description = "Experimental type system extensions for programs checked with the mypy typechecker."
category = "dev"
optional = false
python-versions = "*"

[[package]]
name = "pathspec"
version = "0.9.0"
description = "Utility library for gitignore style pattern matching of file paths."
category = "dev"
optional = false
python-versions = "!=3.0.*,!=3.1.*,!=3.2.*,!=3.3.*,!=3.4.*,>=2.7"

[[package]]
name = "platformdirs"
version = "2.5.1"
description = "A small Python module for determining appropriate platform-specific dirs, e.g. a \"user data dir\"."
category = "dev"
optional = false
python-versions = ">=3.7"

[package.extras]
docs = ["Sphinx (>=4)", "furo (>=2021.7.5b38)", "proselint (>=0.10.2)", "sphinx-autodoc-typehints (>=1.12)"]
test = ["appdirs (==1.4.4)", "pytest (>=6)", "pytest-cov (>=2.7)", "pytest-mock (>=3.6)"]

[[package]]
name = "pygments"
version = "2.11.2"
description = "Pygments is a syntax highlighting package written in Python."
category = "main"
optional = false
python-versions = ">=3.5"

[[package]]
name = "pyperclip"
version = "1.8.2"
description = "A cross-platform clipboard module for Python. (Only handles plain text for now.)"
category = "main"
optional = false
python-versions = "*"

[[package]]
name = "rich"
version = "11.2.0"
description = "Render rich text, tables, progress bars, syntax highlighting, markdown and more to the terminal"
category = "main"
optional = false
python-versions = ">=3.6.2,<4.0.0"

[package.dependencies]
colorama = ">=0.4.0,<0.5.0"
commonmark = ">=0.9.0,<0.10.0"
pygments = ">=2.6.0,<3.0.0"

[package.extras]
jupyter = ["ipywidgets (>=7.5.1,<8.0.0)"]

[[package]]
name = "textual"
version = "0.1.15"
description = "Text User Interface using Rich"
category = "main"
optional = false
python-versions = ">=3.7,<4.0"

[package.dependencies]
rich = ">=11.0.0,<12.0.0"

[[package]]
name = "tomli"
version = "2.0.1"
description = "A lil' TOML parser"
category = "dev"
optional = false
python-versions = ">=3.7"

[[package]]
name = "typing-extensions"
version = "4.1.1"
description = "Backported and Experimental Type Hints for Python 3.6+"
category = "dev"
optional = false
python-versions = ">=3.6"

[metadata]
lock-version = "1.1"
python-versions = "^3.9"
content-hash = "9d3417c7acae43249448d141aef34ccc82e28d01e65b6951ebd87878e746a94c"

[metadata.files]
aiofile = [
    {file = "aiofile-3.7.4-py3-none-any.whl", hash = "sha256:0e2a524e4714efda47ce8964b13d4da94cf553411f9f6da813df615a4cd73d95"},
    {file = "aiofile-3.7.4.tar.gz", hash = "sha256:0aefa1d91d000d3a20a515d153db2ebf713076c7c94edf2fca85d3d83316abc5"},
]
black = [
    {file = "black-22.1.0-cp310-cp310-macosx_10_9_universal2.whl", hash = "sha256:1297c63b9e1b96a3d0da2d85d11cd9bf8664251fd69ddac068b98dc4f34f73b6"},
    {file = "black-22.1.0-cp310-cp310-macosx_10_9_x86_64.whl", hash = "sha256:2ff96450d3ad9ea499fc4c60e425a1439c2120cbbc1ab959ff20f7c76ec7e866"},
    {file = "black-22.1.0-cp310-cp310-macosx_11_0_arm64.whl", hash = "sha256:0e21e1f1efa65a50e3960edd068b6ae6d64ad6235bd8bfea116a03b21836af71"},
    {file = "black-22.1.0-cp310-cp310-manylinux_2_17_x86_64.manylinux2014_x86_64.whl", hash = "sha256:e2f69158a7d120fd641d1fa9a921d898e20d52e44a74a6fbbcc570a62a6bc8ab"},
    {file = "black-22.1.0-cp310-cp310-win_amd64.whl", hash = "sha256:228b5ae2c8e3d6227e4bde5920d2fc66cc3400fde7bcc74f480cb07ef0b570d5"},
    {file = "black-22.1.0-cp36-cp36m-macosx_10_9_x86_64.whl", hash = "sha256:b1a5ed73ab4c482208d20434f700d514f66ffe2840f63a6252ecc43a9bc77e8a"},
    {file = "black-22.1.0-cp36-cp36m-manylinux_2_17_x86_64.manylinux2014_x86_64.whl", hash = "sha256:35944b7100af4a985abfcaa860b06af15590deb1f392f06c8683b4381e8eeaf0"},
    {file = "black-22.1.0-cp36-cp36m-win_amd64.whl", hash = "sha256:7835fee5238fc0a0baf6c9268fb816b5f5cd9b8793423a75e8cd663c48d073ba"},
    {file = "black-22.1.0-cp37-cp37m-macosx_10_9_x86_64.whl", hash = "sha256:dae63f2dbf82882fa3b2a3c49c32bffe144970a573cd68d247af6560fc493ae1"},
    {file = "black-22.1.0-cp37-cp37m-manylinux_2_17_x86_64.manylinux2014_x86_64.whl", hash = "sha256:5fa1db02410b1924b6749c245ab38d30621564e658297484952f3d8a39fce7e8"},
    {file = "black-22.1.0-cp37-cp37m-win_amd64.whl", hash = "sha256:c8226f50b8c34a14608b848dc23a46e5d08397d009446353dad45e04af0c8e28"},
    {file = "black-22.1.0-cp38-cp38-macosx_10_9_universal2.whl", hash = "sha256:2d6f331c02f0f40aa51a22e479c8209d37fcd520c77721c034517d44eecf5912"},
    {file = "black-22.1.0-cp38-cp38-macosx_10_9_x86_64.whl", hash = "sha256:742ce9af3086e5bd07e58c8feb09dbb2b047b7f566eb5f5bc63fd455814979f3"},
    {file = "black-22.1.0-cp38-cp38-macosx_11_0_arm64.whl", hash = "sha256:fdb8754b453fb15fad3f72cd9cad3e16776f0964d67cf30ebcbf10327a3777a3"},
    {file = "black-22.1.0-cp38-cp38-manylinux_2_17_x86_64.manylinux2014_x86_64.whl", hash = "sha256:f5660feab44c2e3cb24b2419b998846cbb01c23c7fe645fee45087efa3da2d61"},
    {file = "black-22.1.0-cp38-cp38-win_amd64.whl", hash = "sha256:6f2f01381f91c1efb1451998bd65a129b3ed6f64f79663a55fe0e9b74a5f81fd"},
    {file = "black-22.1.0-cp39-cp39-macosx_10_9_universal2.whl", hash = "sha256:efbadd9b52c060a8fc3b9658744091cb33c31f830b3f074422ed27bad2b18e8f"},
    {file = "black-22.1.0-cp39-cp39-macosx_10_9_x86_64.whl", hash = "sha256:8871fcb4b447206904932b54b567923e5be802b9b19b744fdff092bd2f3118d0"},
    {file = "black-22.1.0-cp39-cp39-macosx_11_0_arm64.whl", hash = "sha256:ccad888050f5393f0d6029deea2a33e5ae371fd182a697313bdbd835d3edaf9c"},
    {file = "black-22.1.0-cp39-cp39-manylinux_2_17_x86_64.manylinux2014_x86_64.whl", hash = "sha256:07e5c049442d7ca1a2fc273c79d1aecbbf1bc858f62e8184abe1ad175c4f7cc2"},
    {file = "black-22.1.0-cp39-cp39-win_amd64.whl", hash = "sha256:373922fc66676133ddc3e754e4509196a8c392fec3f5ca4486673e685a421321"},
    {file = "black-22.1.0-py3-none-any.whl", hash = "sha256:3524739d76b6b3ed1132422bf9d82123cd1705086723bc3e235ca39fd21c667d"},
    {file = "black-22.1.0.tar.gz", hash = "sha256:a7c0192d35635f6fc1174be575cb7915e92e5dd629ee79fdaf0dcfa41a80afb5"},
]
caio = [
    {file = "caio-0.9.5-cp310-cp310-macosx_10_15_x86_64.whl", hash = "sha256:cd1c20aab04c18f0534b3f0b59103a94dede3c7d7b43c9cc525df3980b4c7c54"},
    {file = "caio-0.9.5-cp310-cp310-manylinux_2_12_x86_64.manylinux2010_x86_64.whl", hash = "sha256:013aa374158c5074b3c65a0da6b9c6b20a987d85fb317dd077b045e84e2478e1"},
    {file = "caio-0.9.5-cp36-cp36m-macosx_10_14_x86_64.whl", hash = "sha256:d767faf537a9ea774e8408ba15a0f1dc734f06857c2d28bdf4258a63b5885f42"},
    {file = "caio-0.9.5-cp36-cp36m-manylinux_2_12_x86_64.manylinux2010_x86_64.whl", hash = "sha256:97d9a10522a8a25798229fc1113cfaba3832b1cd0c1a3648b009b9740ef5e054"},
    {file = "caio-0.9.5-cp37-cp37m-macosx_10_14_x86_64.whl", hash = "sha256:4fe9eff5cf7a2d6f3f418aeeccd11ce9a38329e07527b6f52da085edb44bc2fd"},
    {file = "caio-0.9.5-cp37-cp37m-manylinux_2_12_x86_64.manylinux2010_x86_64.whl", hash = "sha256:b8b6be369139edd678817dc0a313392d710f66fb521c275dce0a9067089b346b"},
    {file = "caio-0.9.5-cp38-cp38-macosx_10_14_x86_64.whl", hash = "sha256:3ffc6259239e03962f9e14829e02795ca9d196eedf32fe61688ba6ed33da46c8"},
    {file = "caio-0.9.5-cp38-cp38-manylinux_2_12_x86_64.manylinux2010_x86_64.whl", hash = "sha256:15f70d27e1009d279e4f9ff86290aad00b0511ce82a1879c40745244f0a9ec92"},
    {file = "caio-0.9.5-cp39-cp39-macosx_10_15_x86_64.whl", hash = "sha256:0427a58c1814a091bfbb84318d344fdb9a68f3d49adc74e5fdc7bc9478e1e4fe"},
    {file = "caio-0.9.5-cp39-cp39-manylinux_2_12_x86_64.manylinux2010_x86_64.whl", hash = "sha256:01061288391020f28e1ab8b0437420f7fe1e0ecc29b4107f7a8dcf7789f33b22"},
    {file = "caio-0.9.5-py3-none-any.whl", hash = "sha256:3c74d84dff2bec5f93685cf2f32eb22e4cc5663434a9be5f4a759247229b69b3"},
    {file = "caio-0.9.5.tar.gz", hash = "sha256:167d9342a807bae441b2e88f9ecb62da2f236b319939a8679f68f510a0194c40"},
]
click = [
    {file = "click-8.0.4-py3-none-any.whl", hash = "sha256:6a7a62563bbfabfda3a38f3023a1db4a35978c0abd76f6c9605ecd6554d6d9b1"},
    {file = "click-8.0.4.tar.gz", hash = "sha256:8458d7b1287c5fb128c90e23381cf99dcde74beaf6c7ff6384ce84d6fe090adb"},
]
colorama = [
    {file = "colorama-0.4.4-py2.py3-none-any.whl", hash = "sha256:9f47eda37229f68eee03b24b9748937c7dc3868f906e8ba69fbcbdd3bc5dc3e2"},
    {file = "colorama-0.4.4.tar.gz", hash = "sha256:5941b2b48a20143d2267e95b1c2a7603ce057ee39fd88e7329b0c292aa16869b"},
]
commonmark = [
    {file = "commonmark-0.9.1-py2.py3-none-any.whl", hash = "sha256:da2f38c92590f83de410ba1a3cbceafbc74fee9def35f9251ba9a971d6d66fd9"},
    {file = "commonmark-0.9.1.tar.gz", hash = "sha256:452f9dc859be7f06631ddcb328b6919c67984aca654e5fefb3914d54691aed60"},
]
mypy-extensions = [
    {file = "mypy_extensions-0.4.3-py2.py3-none-any.whl", hash = "sha256:090fedd75945a69ae91ce1303b5824f428daf5a028d2f6ab8a299250a846f15d"},
    {file = "mypy_extensions-0.4.3.tar.gz", hash = "sha256:2d82818f5bb3e369420cb3c4060a7970edba416647068eb4c5343488a6c604a8"},
]
pathspec = [
    {file = "pathspec-0.9.0-py2.py3-none-any.whl", hash = "sha256:7d15c4ddb0b5c802d161efc417ec1a2558ea2653c2e8ad9c19098201dc1c993a"},
    {file = "pathspec-0.9.0.tar.gz", hash = "sha256:e564499435a2673d586f6b2130bb5b95f04a3ba06f81b8f895b651a3c76aabb1"},
]
platformdirs = [
    {file = "platformdirs-2.5.1-py3-none-any.whl", hash = "sha256:bcae7cab893c2d310a711b70b24efb93334febe65f8de776ee320b517471e227"},
    {file = "platformdirs-2.5.1.tar.gz", hash = "sha256:7535e70dfa32e84d4b34996ea99c5e432fa29a708d0f4e394bbcb2a8faa4f16d"},
]
pygments = [
    {file = "Pygments-2.11.2-py3-none-any.whl", hash = "sha256:44238f1b60a76d78fc8ca0528ee429702aae011c265fe6a8dd8b63049ae41c65"},
    {file = "Pygments-2.11.2.tar.gz", hash = "sha256:4e426f72023d88d03b2fa258de560726ce890ff3b630f88c21cbb8b2503b8c6a"},
]
pyperclip = [
    {file = "pyperclip-1.8.2.tar.gz", hash = "sha256:105254a8b04934f0bc84e9c24eb360a591aaf6535c9def5f29d92af107a9bf57"},
]
rich = [
    {file = "rich-11.2.0-py3-none-any.whl", hash = "sha256:d5f49ad91fb343efcae45a2b2df04a9755e863e50413623ab8c9e74f05aee52b"},
    {file = "rich-11.2.0.tar.gz", hash = "sha256:1a6266a5738115017bb64a66c59c717e7aa047b3ae49a011ede4abdeffc6536e"},
]
textual = [
    {file = "textual-0.1.15-py3-none-any.whl", hash = "sha256:b2e462b993556764d91f6d15dd1f893fc22bc0516d6ee5b6efa6aa697e792465"},
    {file = "textual-0.1.15.tar.gz", hash = "sha256:61367cb7cf0dc0e68d3e41c54916d8170f57f50a4705bd407a9feb479873146e"},
]
tomli = [
    {file = "tomli-2.0.1-py3-none-any.whl", hash = "sha256:939de3e7a6161af0c887ef91b7d41a53e7c5a1ca976325f429cb46ea9bc30ecc"},
    {file = "tomli-2.0.1.tar.gz", hash = "sha256:de526c12914f0c550d15924c62d72abc48d6fe7364aa87328337a31007fe8a4f"},
]
typing-extensions = [
    {file = "typing_extensions-4.1.1-py3-none-any.whl", hash = "sha256:21c85e0fe4b9a155d0799430b0ad741cdce7e359660ccbd8b530613e8df88ce2"},
    {file = "typing_extensions-4.1.1.tar.gz", hash = "sha256:1a9462dcc3347a79b1f1c0271fbe79e844580bb598bafa1ed208b94da3cdcd42"},
]
