[[package]]
name = "aiofile"
version = "3.7.4"
description = "Asynchronous file operations."
category = "main"
optional = false
python-versions = ">3.4.*, <4"

[package.dependencies]
caio = ">=0.9.0,<0.10.0"

[package.extras]
develop = ["aiomisc", "asynctest", "pytest", "pytest-cov"]

[[package]]
name = "caio"
version = "0.9.5"
description = "Asynchronous file IO for Linux Posix and Windows."
category = "main"
optional = false
python-versions = ">=3.5.*, <4"

[package.extras]
develop = ["aiomisc", "pytest", "pytest-cov"]

[[package]]
name = "colorama"
version = "0.4.4"
description = "Cross-platform colored terminal text."
category = "main"
optional = false
python-versions = ">=2.7, !=3.0.*, !=3.1.*, !=3.2.*, !=3.3.*, !=3.4.*"

[[package]]
name = "commonmark"
version = "0.9.1"
description = "Python parser for the CommonMark Markdown spec"
category = "main"
optional = false
python-versions = "*"

[package.extras]
test = ["flake8 (==3.7.8)", "hypothesis (==3.55.3)"]

[[package]]
name = "pygments"
version = "2.11.2"
description = "Pygments is a syntax highlighting package written in Python."
category = "main"
optional = false
python-versions = ">=3.5"

[[package]]
name = "rich"
version = "11.2.0"
description = "Render rich text, tables, progress bars, syntax highlighting, markdown and more to the terminal"
category = "main"
optional = false
python-versions = ">=3.6.2,<4.0.0"

[package.dependencies]
colorama = ">=0.4.0,<0.5.0"
commonmark = ">=0.9.0,<0.10.0"
pygments = ">=2.6.0,<3.0.0"

[package.extras]
jupyter = ["ipywidgets (>=7.5.1,<8.0.0)"]

[[package]]
name = "textual"
version = "0.1.15"
description = "Text User Interface using Rich"
category = "main"
optional = false
python-versions = ">=3.7,<4.0"

[package.dependencies]
rich = ">=11.0.0,<12.0.0"

[metadata]
lock-version = "1.1"
python-versions = "^3.9"
content-hash = "e777a1d0294ce8f86b3b90d3789ca27efc0bc54bfd990db9fed2e9337157efcc"

[metadata.files]
aiofile = [
    {file = "aiofile-3.7.4-py3-none-any.whl", hash = "sha256:0e2a524e4714efda47ce8964b13d4da94cf553411f9f6da813df615a4cd73d95"},
    {file = "aiofile-3.7.4.tar.gz", hash = "sha256:0aefa1d91d000d3a20a515d153db2ebf713076c7c94edf2fca85d3d83316abc5"},
]
caio = [
    {file = "caio-0.9.5-cp310-cp310-macosx_10_15_x86_64.whl", hash = "sha256:cd1c20aab04c18f0534b3f0b59103a94dede3c7d7b43c9cc525df3980b4c7c54"},
    {file = "caio-0.9.5-cp310-cp310-manylinux_2_12_x86_64.manylinux2010_x86_64.whl", hash = "sha256:013aa374158c5074b3c65a0da6b9c6b20a987d85fb317dd077b045e84e2478e1"},
    {file = "caio-0.9.5-cp36-cp36m-macosx_10_14_x86_64.whl", hash = "sha256:d767faf537a9ea774e8408ba15a0f1dc734f06857c2d28bdf4258a63b5885f42"},
    {file = "caio-0.9.5-cp36-cp36m-manylinux_2_12_x86_64.manylinux2010_x86_64.whl", hash = "sha256:97d9a10522a8a25798229fc1113cfaba3832b1cd0c1a3648b009b9740ef5e054"},
    {file = "caio-0.9.5-cp37-cp37m-macosx_10_14_x86_64.whl", hash = "sha256:4fe9eff5cf7a2d6f3f418aeeccd11ce9a38329e07527b6f52da085edb44bc2fd"},
    {file = "caio-0.9.5-cp37-cp37m-manylinux_2_12_x86_64.manylinux2010_x86_64.whl", hash = "sha256:b8b6be369139edd678817dc0a313392d710f66fb521c275dce0a9067089b346b"},
    {file = "caio-0.9.5-cp38-cp38-macosx_10_14_x86_64.whl", hash = "sha256:3ffc6259239e03962f9e14829e02795ca9d196eedf32fe61688ba6ed33da46c8"},
    {file = "caio-0.9.5-cp38-cp38-manylinux_2_12_x86_64.manylinux2010_x86_64.whl", hash = "sha256:15f70d27e1009d279e4f9ff86290aad00b0511ce82a1879c40745244f0a9ec92"},
    {file = "caio-0.9.5-cp39-cp39-macosx_10_15_x86_64.whl", hash = "sha256:0427a58c1814a091bfbb84318d344fdb9a68f3d49adc74e5fdc7bc9478e1e4fe"},
    {file = "caio-0.9.5-cp39-cp39-manylinux_2_12_x86_64.manylinux2010_x86_64.whl", hash = "sha256:01061288391020f28e1ab8b0437420f7fe1e0ecc29b4107f7a8dcf7789f33b22"},
    {file = "caio-0.9.5-py3-none-any.whl", hash = "sha256:3c74d84dff2bec5f93685cf2f32eb22e4cc5663434a9be5f4a759247229b69b3"},
    {file = "caio-0.9.5.tar.gz", hash = "sha256:167d9342a807bae441b2e88f9ecb62da2f236b319939a8679f68f510a0194c40"},
]
colorama = [
    {file = "colorama-0.4.4-py2.py3-none-any.whl", hash = "sha256:9f47eda37229f68eee03b24b9748937c7dc3868f906e8ba69fbcbdd3bc5dc3e2"},
    {file = "colorama-0.4.4.tar.gz", hash = "sha256:5941b2b48a20143d2267e95b1c2a7603ce057ee39fd88e7329b0c292aa16869b"},
]
commonmark = [
    {file = "commonmark-0.9.1-py2.py3-none-any.whl", hash = "sha256:da2f38c92590f83de410ba1a3cbceafbc74fee9def35f9251ba9a971d6d66fd9"},
    {file = "commonmark-0.9.1.tar.gz", hash = "sha256:452f9dc859be7f06631ddcb328b6919c67984aca654e5fefb3914d54691aed60"},
]
pygments = [
    {file = "Pygments-2.11.2-py3-none-any.whl", hash = "sha256:44238f1b60a76d78fc8ca0528ee429702aae011c265fe6a8dd8b63049ae41c65"},
    {file = "Pygments-2.11.2.tar.gz", hash = "sha256:4e426f72023d88d03b2fa258de560726ce890ff3b630f88c21cbb8b2503b8c6a"},
]
rich = [
    {file = "rich-11.2.0-py3-none-any.whl", hash = "sha256:d5f49ad91fb343efcae45a2b2df04a9755e863e50413623ab8c9e74f05aee52b"},
    {file = "rich-11.2.0.tar.gz", hash = "sha256:1a6266a5738115017bb64a66c59c717e7aa047b3ae49a011ede4abdeffc6536e"},
]
textual = [
    {file = "textual-0.1.15-py3-none-any.whl", hash = "sha256:b2e462b993556764d91f6d15dd1f893fc22bc0516d6ee5b6efa6aa697e792465"},
    {file = "textual-0.1.15.tar.gz", hash = "sha256:61367cb7cf0dc0e68d3e41c54916d8170f57f50a4705bd407a9feb479873146e"},
]
